
Microsoft Visual Studio Solution File, Format Version 12.00
# Visual Studio Version 17
VisualStudioVersion = 17.14.36127.28
MinimumVisualStudioVersion = 10.0.40219.1
Project("{FAE04EC0-301F-11D3-BF4B-00C04F79EFBC}") = "FishStore", "FishStore.csproj", "{800FF71C-6A1D-47FE-8015-993DD4DE4AAF}"
EndProject
Project("{FAE04EC0-301F-11D3-BF4B-00C04F79EFBC}") = "AddCustomers", "..\AddCustomers\AddCustomers.csproj", "{1D1E376E-EA2E-665A-BBF4-28321390AA5F}"
EndProject
Project("{FAE04EC0-301F-11D3-BF4B-00C04F79EFBC}") = "AddCustomers.UnitTest", "..\AddCustomers.UnitTest\AddCustomers.UnitTest.csproj", "{601BA11F-B6F7-6915-C0D6-898EE5CA8DEA}"
EndProject
Global
	GlobalSection(SolutionConfigurationPlatforms) = preSolution
		Debug|Any CPU = Debug|Any CPU
		Release|Any CPU = Release|Any CPU
	EndGlobalSection
	GlobalSection(ProjectConfigurationPlatforms) = postSolution
		{800FF71C-6A1D-47FE-8015-993DD4DE4AAF}.Debug|Any CPU.ActiveCfg = Debug|Any CPU
		{800FF71C-6A1D-47FE-8015-993DD4DE4AAF}.Debug|Any CPU.Build.0 = Debug|Any CPU
		{800FF71C-6A1D-47FE-8015-993DD4DE4AAF}.Release|Any CPU.ActiveCfg = Release|Any CPU
		{800FF71C-6A1D-47FE-8015-993DD4DE4AAF}.Release|Any CPU.Build.0 = Release|Any CPU
		{1D1E376E-EA2E-665A-BBF4-28321390AA5F}.Debug|Any CPU.ActiveCfg = Debug|Any CPU
		{1D1E376E-EA2E-665A-BBF4-28321390AA5F}.Debug|Any CPU.Build.0 = Debug|Any CPU
		{1D1E376E-EA2E-665A-BBF4-28321390AA5F}.Release|Any CPU.ActiveCfg = Release|Any CPU
		{1D1E376E-EA2E-665A-BBF4-28321390AA5F}.Release|Any CPU.Build.0 = Release|Any CPU
		{601BA11F-B6F7-6915-C0D6-898EE5CA8DEA}.Debug|Any CPU.ActiveCfg = Debug|Any CPU
		{601BA11F-B6F7-6915-C0D6-898EE5CA8DEA}.Debug|Any CPU.Build.0 = Debug|Any CPU
		{601BA11F-B6F7-6915-C0D6-898EE5CA8DEA}.Release|Any CPU.ActiveCfg = Release|Any CPU
		{601BA11F-B6F7-6915-C0D6-898EE5CA8DEA}.Release|Any CPU.Build.0 = Release|Any CPU
	EndGlobalSection
	GlobalSection(SolutionProperties) = preSolution
		HideSolutionNode = FALSE
	EndGlobalSection
	GlobalSection(ExtensibilityGlobals) = postSolution
		SolutionGuid = {10ACD195-88CC-404B-A9A5-BFBCD93EE241}
	EndGlobalSection
EndGlobal
